
Microsoft Visual Studio Solution File, Format Version 12.00
Project("{FAE04EC0-301F-11D3-BF4B-00C04F79EFBC}") = "Approve", "Approve\Approve.csproj", "{90A83C29-E133-4BD0-AB7C-DDAB6860EF3C}"
EndProject
Global
	GlobalSection(SolutionConfigurationPlatforms) = preSolution
		Debug|Any CPU = Debug|Any CPU
		Release|Any CPU = Release|Any CPU
	EndGlobalSection
	GlobalSection(ProjectConfigurationPlatforms) = postSolution
		{90A83C29-E133-4BD0-AB7C-DDAB6860EF3C}.Debug|Any CPU.ActiveCfg = Debug|Any CPU
		{90A83C29-E133-4BD0-AB7C-DDAB6860EF3C}.Debug|Any CPU.Build.0 = Debug|Any CPU
		{90A83C29-E133-4BD0-AB7C-DDAB6860EF3C}.Release|Any CPU.ActiveCfg = Release|Any CPU
		{90A83C29-E133-4BD0-AB7C-DDAB6860EF3C}.Release|Any CPU.Build.0 = Release|Any CPU
	EndGlobalSection
EndGlobal
