{
  "requires": true,
  "lockfileVersion": 1,
  "dependencies": {
    "react-uuid": {
      "version": "1.0.2",
      "resolved": "https://registry.npmjs.org/react-uuid/-/react-uuid-1.0.2.tgz",
      "integrity": "sha512-5e0GM16uuQj9MdRJlZ0GdLC8LKMwpU9PIqYmF27s3fIV2z+rLyASTaiW4aKzSY4DyGanz+ImzsECkftwGWfAwA=="
    }
  }
}
